
Microsoft Visual Studio Solution File, Format Version 12.00
# Visual Studio Version 17
VisualStudioVersion = 17.14.36221.1 d17.14
MinimumVisualStudioVersion = 10.0.40219.1
Project("{FAE04EC0-301F-11D3-BF4B-00C04F79EFBC}") = "API", "API\API.csproj", "{190F7D4C-E6FF-49E9-8A67-3DE44F862DC6}"
EndProject
Project("{FAE04EC0-301F-11D3-BF4B-00C04F79EFBC}") = "Domain", "Domain\Domain.csproj", "{266D93ED-AEA2-4735-B3D2-E558B48F4596}"
EndProject
Project("{FAE04EC0-301F-11D3-BF4B-00C04F79EFBC}") = "Infrastructure", "Infrastructure\Infrastructure.csproj", "{D3F38301-7B6C-48D2-8670-8DD7DF13F205}"
EndProject
Project("{FAE04EC0-301F-11D3-BF4B-00C04F79EFBC}") = "Application", "Application\Application.csproj", "{7CDAEDAA-FCB9-4790-9DE5-755316BE1C73}"
EndProject
Project("{FAE04EC0-301F-11D3-BF4B-00C04F79EFBC}") = "testsignalr", "..\testsignalr\testsignalr\testsignalr.csproj", "{D4CF3EE8-F4E3-DD1D-B873-4A9B3E3C7E5F}"
EndProject
Global
	GlobalSection(SolutionConfigurationPlatforms) = preSolution
		Debug|Any CPU = Debug|Any CPU
		Release|Any CPU = Release|Any CPU
	EndGlobalSection
	GlobalSection(ProjectConfigurationPlatforms) = postSolution
		{190F7D4C-E6FF-49E9-8A67-3DE44F862DC6}.Debug|Any CPU.ActiveCfg = Debug|Any CPU
		{190F7D4C-E6FF-49E9-8A67-3DE44F862DC6}.Debug|Any CPU.Build.0 = Debug|Any CPU
		{190F7D4C-E6FF-49E9-8A67-3DE44F862DC6}.Release|Any CPU.ActiveCfg = Release|Any CPU
		{190F7D4C-E6FF-49E9-8A67-3DE44F862DC6}.Release|Any CPU.Build.0 = Release|Any CPU
		{266D93ED-AEA2-4735-B3D2-E558B48F4596}.Debug|Any CPU.ActiveCfg = Debug|Any CPU
		{266D93ED-AEA2-4735-B3D2-E558B48F4596}.Debug|Any CPU.Build.0 = Debug|Any CPU
		{266D93ED-AEA2-4735-B3D2-E558B48F4596}.Release|Any CPU.ActiveCfg = Release|Any CPU
		{266D93ED-AEA2-4735-B3D2-E558B48F4596}.Release|Any CPU.Build.0 = Release|Any CPU
		{D3F38301-7B6C-48D2-8670-8DD7DF13F205}.Debug|Any CPU.ActiveCfg = Debug|Any CPU
		{D3F38301-7B6C-48D2-8670-8DD7DF13F205}.Debug|Any CPU.Build.0 = Debug|Any CPU
		{D3F38301-7B6C-48D2-8670-8DD7DF13F205}.Release|Any CPU.ActiveCfg = Release|Any CPU
		{D3F38301-7B6C-48D2-8670-8DD7DF13F205}.Release|Any CPU.Build.0 = Release|Any CPU
		{7CDAEDAA-FCB9-4790-9DE5-755316BE1C73}.Debug|Any CPU.ActiveCfg = Debug|Any CPU
		{7CDAEDAA-FCB9-4790-9DE5-755316BE1C73}.Debug|Any CPU.Build.0 = Debug|Any CPU
		{7CDAEDAA-FCB9-4790-9DE5-755316BE1C73}.Release|Any CPU.ActiveCfg = Release|Any CPU
		{7CDAEDAA-FCB9-4790-9DE5-755316BE1C73}.Release|Any CPU.Build.0 = Release|Any CPU
		{D4CF3EE8-F4E3-DD1D-B873-4A9B3E3C7E5F}.Debug|Any CPU.ActiveCfg = Debug|Any CPU
		{D4CF3EE8-F4E3-DD1D-B873-4A9B3E3C7E5F}.Debug|Any CPU.Build.0 = Debug|Any CPU
		{D4CF3EE8-F4E3-DD1D-B873-4A9B3E3C7E5F}.Release|Any CPU.ActiveCfg = Release|Any CPU
		{D4CF3EE8-F4E3-DD1D-B873-4A9B3E3C7E5F}.Release|Any CPU.Build.0 = Release|Any CPU
	EndGlobalSection
	GlobalSection(SolutionProperties) = preSolution
		HideSolutionNode = FALSE
	EndGlobalSection
	GlobalSection(ExtensibilityGlobals) = postSolution
		SolutionGuid = {71E23E3D-0D65-4C8C-ABC2-5F64A33F1E55}
	EndGlobalSection
EndGlobal
